
Microsoft Visual Studio Solution File, Format Version 12.00
# Visual Studio Version 17
VisualStudioVersion = 17.14.36221.1
MinimumVisualStudioVersion = 10.0.40219.1
Project("{FAE04EC0-301F-11D3-BF4B-00C04F79EFBC}") = "GenerateAndVerifyTokens", "GenerateAndVerifyTokens\GenerateAndVerifyTokens.csproj", "{FF70EC3C-0268-44A5-813E-DBA91C735554}"
EndProject
Project("{FAE04EC0-301F-11D3-BF4B-00C04F79EFBC}") = "KeyRotationDerivation", "KeyRotationDerivation\KeyRotationDerivation.csproj", "{5C557EBF-667A-3B2C-8AF9-8D33ADFCC3CA}"
EndProject
Project("{FAE04EC0-301F-11D3-BF4B-00C04F79EFBC}") = "GenerateToken", "GenerateToken\GenerateToken.csproj", "{DB71F8BD-FCA9-4032-9AEF-87D908E479F1}"
EndProject
Global
	GlobalSection(SolutionConfigurationPlatforms) = preSolution
		Debug|Any CPU = Debug|Any CPU
		Release|Any CPU = Release|Any CPU
	EndGlobalSection
	GlobalSection(ProjectConfigurationPlatforms) = postSolution
		{FF70EC3C-0268-44A5-813E-DBA91C735554}.Debug|Any CPU.ActiveCfg = Debug|Any CPU
		{FF70EC3C-0268-44A5-813E-DBA91C735554}.Debug|Any CPU.Build.0 = Debug|Any CPU
		{FF70EC3C-0268-44A5-813E-DBA91C735554}.Release|Any CPU.ActiveCfg = Release|Any CPU
		{FF70EC3C-0268-44A5-813E-DBA91C735554}.Release|Any CPU.Build.0 = Release|Any CPU
		{5C557EBF-667A-3B2C-8AF9-8D33ADFCC3CA}.Debug|Any CPU.ActiveCfg = Debug|Any CPU
		{5C557EBF-667A-3B2C-8AF9-8D33ADFCC3CA}.Debug|Any CPU.Build.0 = Debug|Any CPU
		{5C557EBF-667A-3B2C-8AF9-8D33ADFCC3CA}.Release|Any CPU.ActiveCfg = Release|Any CPU
		{5C557EBF-667A-3B2C-8AF9-8D33ADFCC3CA}.Release|Any CPU.Build.0 = Release|Any CPU
		{DB71F8BD-FCA9-4032-9AEF-87D908E479F1}.Debug|Any CPU.ActiveCfg = Debug|Any CPU
		{DB71F8BD-FCA9-4032-9AEF-87D908E479F1}.Debug|Any CPU.Build.0 = Debug|Any CPU
		{DB71F8BD-FCA9-4032-9AEF-87D908E479F1}.Release|Any CPU.ActiveCfg = Release|Any CPU
		{DB71F8BD-FCA9-4032-9AEF-87D908E479F1}.Release|Any CPU.Build.0 = Release|Any CPU
	EndGlobalSection
	GlobalSection(SolutionProperties) = preSolution
		HideSolutionNode = FALSE
	EndGlobalSection
	GlobalSection(ExtensibilityGlobals) = postSolution
		SolutionGuid = {28B72104-2D03-427A-9B59-5A7C8A8BDF9F}
	EndGlobalSection
EndGlobal
